
Microsoft Visual Studio Solution File, Format Version 12.00
# Visual Studio Version 17
VisualStudioVersion = 17.14.36811.4
MinimumVisualStudioVersion = 10.0.40219.1
Project("{FAE04EC0-301F-11D3-BF4B-00C04F79EFBC}") = "Minecraft", "Minecraft\Minecraft.csproj", "{E79E9CEA-6BD3-4DD9-BF5C-F1799CA59154}"
EndProject
Project("{FAE04EC0-301F-11D3-BF4B-00C04F79EFBC}") = "TestServer", "TestServer\TestServer.csproj", "{2D5A7515-8DDB-46CA-BE12-82150228A465}"
EndProject
Project("{FAE04EC0-301F-11D3-BF4B-00C04F79EFBC}") = "TestClient", "TestClient\TestClient.csproj", "{3AFE9015-0DEF-4013-AC05-E82A9F363638}"
EndProject
Project("{FAE04EC0-301F-11D3-BF4B-00C04F79EFBC}") = "Proxy", "Proxy\Proxy.csproj", "{1AD4B610-35F0-4EB8-8131-7A1F9DAA4A52}"
EndProject
Project("{FAE04EC0-301F-11D3-BF4B-00C04F79EFBC}") = "CodeGen", "CodeGen\CodeGen.csproj", "{818851AD-F5B2-4EE2-ADC2-D9E09ADBF9CB}"
EndProject
Project("{FAE04EC0-301F-11D3-BF4B-00C04F79EFBC}") = "ManagedServer", "ManagedServer\ManagedServer.csproj", "{039D8B94-681B-438E-8F97-E4AB6590D506}"
EndProject
Project("{FAE04EC0-301F-11D3-BF4B-00C04F79EFBC}") = "PolarWorlds", "PolarWorlds\PolarWorlds.csproj", "{BFDA6B5C-D980-453F-BA66-22ADBE537CBC}"
EndProject
Project("{FAE04EC0-301F-11D3-BF4B-00C04F79EFBC}") = "ClientLib", "ClientLib\ClientLib.csproj", "{E2732A5F-F804-465B-9758-FAB350829C6A}"
EndProject
Project("{FAE04EC0-301F-11D3-BF4B-00C04F79EFBC}") = "Minecraft.Testing", "Minecraft.Testing\Minecraft.Testing.csproj", "{3522B4D4-5BDB-4144-A24B-8AAC4C887E4B}"
EndProject
Project("{FAE04EC0-301F-11D3-BF4B-00C04F79EFBC}") = "ManagedServer.Testing", "ManagedServer.Testing\ManagedServer.Testing.csproj", "{7257754B-563C-4DA1-AF7F-32950A6DE1B1}"
EndProject
Project("{FAE04EC0-301F-11D3-BF4B-00C04F79EFBC}") = "ManagedServer.Benchmarking", "ManagedServer.Benchmarking\ManagedServer.Benchmarking.csproj", "{CD1E1975-B071-42C3-880F-63B11274EAD6}"
EndProject
Project("{FAE04EC0-301F-11D3-BF4B-00C04F79EFBC}") = "Minecraft.Benchmarking", "Minecraft.Benchmarking\Minecraft.Benchmarking.csproj", "{E28C82CE-BA91-441A-8C18-155F85BC259D}"
EndProject
Project("{FAE04EC0-301F-11D3-BF4B-00C04F79EFBC}") = "PolarWorlds.Testing", "PolarWorlds.Testing\PolarWorlds.Testing.csproj", "{A9B7762E-53C9-4018-9516-E0735AC48A61}"
EndProject
Project("{2150E333-8FDC-42A3-9474-1A3956D46DE8}") = "ManagedServer", "ManagedServer", "{0C64BFBF-EC30-4D67-AFFF-9984EB3A41CE}"
EndProject
Project("{2150E333-8FDC-42A3-9474-1A3956D46DE8}") = "Minecraft", "Minecraft", "{05145D83-8A1F-4141-886F-D71004DFD0ED}"
EndProject
Project("{2150E333-8FDC-42A3-9474-1A3956D46DE8}") = "Polar", "Polar", "{C64D9692-60C0-4B71-A67C-75BECD2B14FB}"
EndProject
Project("{2150E333-8FDC-42A3-9474-1A3956D46DE8}") = "Other", "Other", "{B911ED92-C0E9-46ED-9F29-9F3937F56E76}"
EndProject
Project("{FAE04EC0-301F-11D3-BF4B-00C04F79EFBC}") = "SniffCraft.PaketLog.Deserializer", "SniffCraft.PaketLog.Deserializer\SniffCraft.PaketLog.Deserializer.csproj", "{09513B96-057F-4369-B4CE-4127A2F1F4FF}"
EndProject
Global
	GlobalSection(SolutionConfigurationPlatforms) = preSolution
		Debug|Any CPU = Debug|Any CPU
		Release|Any CPU = Release|Any CPU
	EndGlobalSection
	GlobalSection(ProjectConfigurationPlatforms) = postSolution
		{E79E9CEA-6BD3-4DD9-BF5C-F1799CA59154}.Debug|Any CPU.ActiveCfg = Debug|Any CPU
		{E79E9CEA-6BD3-4DD9-BF5C-F1799CA59154}.Debug|Any CPU.Build.0 = Debug|Any CPU
		{E79E9CEA-6BD3-4DD9-BF5C-F1799CA59154}.Release|Any CPU.ActiveCfg = Release|Any CPU
		{E79E9CEA-6BD3-4DD9-BF5C-F1799CA59154}.Release|Any CPU.Build.0 = Release|Any CPU
		{2D5A7515-8DDB-46CA-BE12-82150228A465}.Debug|Any CPU.ActiveCfg = Debug|Any CPU
		{2D5A7515-8DDB-46CA-BE12-82150228A465}.Debug|Any CPU.Build.0 = Debug|Any CPU
		{2D5A7515-8DDB-46CA-BE12-82150228A465}.Release|Any CPU.ActiveCfg = Release|Any CPU
		{2D5A7515-8DDB-46CA-BE12-82150228A465}.Release|Any CPU.Build.0 = Release|Any CPU
		{3AFE9015-0DEF-4013-AC05-E82A9F363638}.Debug|Any CPU.ActiveCfg = Debug|Any CPU
		{3AFE9015-0DEF-4013-AC05-E82A9F363638}.Debug|Any CPU.Build.0 = Debug|Any CPU
		{3AFE9015-0DEF-4013-AC05-E82A9F363638}.Release|Any CPU.ActiveCfg = Release|Any CPU
		{3AFE9015-0DEF-4013-AC05-E82A9F363638}.Release|Any CPU.Build.0 = Release|Any CPU
		{1AD4B610-35F0-4EB8-8131-7A1F9DAA4A52}.Debug|Any CPU.ActiveCfg = Debug|Any CPU
		{1AD4B610-35F0-4EB8-8131-7A1F9DAA4A52}.Debug|Any CPU.Build.0 = Debug|Any CPU
		{1AD4B610-35F0-4EB8-8131-7A1F9DAA4A52}.Release|Any CPU.ActiveCfg = Release|Any CPU
		{1AD4B610-35F0-4EB8-8131-7A1F9DAA4A52}.Release|Any CPU.Build.0 = Release|Any CPU
		{818851AD-F5B2-4EE2-ADC2-D9E09ADBF9CB}.Debug|Any CPU.ActiveCfg = Debug|Any CPU
		{818851AD-F5B2-4EE2-ADC2-D9E09ADBF9CB}.Debug|Any CPU.Build.0 = Debug|Any CPU
		{818851AD-F5B2-4EE2-ADC2-D9E09ADBF9CB}.Release|Any CPU.ActiveCfg = Release|Any CPU
		{818851AD-F5B2-4EE2-ADC2-D9E09ADBF9CB}.Release|Any CPU.Build.0 = Release|Any CPU
		{039D8B94-681B-438E-8F97-E4AB6590D506}.Debug|Any CPU.ActiveCfg = Debug|Any CPU
		{039D8B94-681B-438E-8F97-E4AB6590D506}.Debug|Any CPU.Build.0 = Debug|Any CPU
		{039D8B94-681B-438E-8F97-E4AB6590D506}.Release|Any CPU.ActiveCfg = Release|Any CPU
		{039D8B94-681B-438E-8F97-E4AB6590D506}.Release|Any CPU.Build.0 = Release|Any CPU
		{BFDA6B5C-D980-453F-BA66-22ADBE537CBC}.Debug|Any CPU.ActiveCfg = Debug|Any CPU
		{BFDA6B5C-D980-453F-BA66-22ADBE537CBC}.Debug|Any CPU.Build.0 = Debug|Any CPU
		{BFDA6B5C-D980-453F-BA66-22ADBE537CBC}.Release|Any CPU.ActiveCfg = Release|Any CPU
		{BFDA6B5C-D980-453F-BA66-22ADBE537CBC}.Release|Any CPU.Build.0 = Release|Any CPU
		{E2732A5F-F804-465B-9758-FAB350829C6A}.Debug|Any CPU.ActiveCfg = Debug|Any CPU
		{E2732A5F-F804-465B-9758-FAB350829C6A}.Debug|Any CPU.Build.0 = Debug|Any CPU
		{E2732A5F-F804-465B-9758-FAB350829C6A}.Release|Any CPU.ActiveCfg = Release|Any CPU
		{E2732A5F-F804-465B-9758-FAB350829C6A}.Release|Any CPU.Build.0 = Release|Any CPU
		{3522B4D4-5BDB-4144-A24B-8AAC4C887E4B}.Debug|Any CPU.ActiveCfg = Debug|Any CPU
		{3522B4D4-5BDB-4144-A24B-8AAC4C887E4B}.Debug|Any CPU.Build.0 = Debug|Any CPU
		{3522B4D4-5BDB-4144-A24B-8AAC4C887E4B}.Release|Any CPU.ActiveCfg = Release|Any CPU
		{3522B4D4-5BDB-4144-A24B-8AAC4C887E4B}.Release|Any CPU.Build.0 = Release|Any CPU
		{7257754B-563C-4DA1-AF7F-32950A6DE1B1}.Debug|Any CPU.ActiveCfg = Debug|Any CPU
		{7257754B-563C-4DA1-AF7F-32950A6DE1B1}.Debug|Any CPU.Build.0 = Debug|Any CPU
		{7257754B-563C-4DA1-AF7F-32950A6DE1B1}.Release|Any CPU.ActiveCfg = Release|Any CPU
		{7257754B-563C-4DA1-AF7F-32950A6DE1B1}.Release|Any CPU.Build.0 = Release|Any CPU
		{CD1E1975-B071-42C3-880F-63B11274EAD6}.Debug|Any CPU.ActiveCfg = Debug|Any CPU
		{CD1E1975-B071-42C3-880F-63B11274EAD6}.Debug|Any CPU.Build.0 = Debug|Any CPU
		{CD1E1975-B071-42C3-880F-63B11274EAD6}.Release|Any CPU.ActiveCfg = Release|Any CPU
		{CD1E1975-B071-42C3-880F-63B11274EAD6}.Release|Any CPU.Build.0 = Release|Any CPU
		{E28C82CE-BA91-441A-8C18-155F85BC259D}.Debug|Any CPU.ActiveCfg = Debug|Any CPU
		{E28C82CE-BA91-441A-8C18-155F85BC259D}.Debug|Any CPU.Build.0 = Debug|Any CPU
		{E28C82CE-BA91-441A-8C18-155F85BC259D}.Release|Any CPU.ActiveCfg = Release|Any CPU
		{E28C82CE-BA91-441A-8C18-155F85BC259D}.Release|Any CPU.Build.0 = Release|Any CPU
		{A9B7762E-53C9-4018-9516-E0735AC48A61}.Debug|Any CPU.ActiveCfg = Debug|Any CPU
		{A9B7762E-53C9-4018-9516-E0735AC48A61}.Debug|Any CPU.Build.0 = Debug|Any CPU
		{A9B7762E-53C9-4018-9516-E0735AC48A61}.Release|Any CPU.ActiveCfg = Release|Any CPU
		{A9B7762E-53C9-4018-9516-E0735AC48A61}.Release|Any CPU.Build.0 = Release|Any CPU
		{09513B96-057F-4369-B4CE-4127A2F1F4FF}.Debug|Any CPU.ActiveCfg = Debug|Any CPU
		{09513B96-057F-4369-B4CE-4127A2F1F4FF}.Debug|Any CPU.Build.0 = Debug|Any CPU
		{09513B96-057F-4369-B4CE-4127A2F1F4FF}.Release|Any CPU.ActiveCfg = Release|Any CPU
		{09513B96-057F-4369-B4CE-4127A2F1F4FF}.Release|Any CPU.Build.0 = Release|Any CPU
	EndGlobalSection
	GlobalSection(SolutionProperties) = preSolution
		HideSolutionNode = FALSE
	EndGlobalSection
	GlobalSection(NestedProjects) = preSolution
		{E79E9CEA-6BD3-4DD9-BF5C-F1799CA59154} = {05145D83-8A1F-4141-886F-D71004DFD0ED}
		{2D5A7515-8DDB-46CA-BE12-82150228A465} = {B911ED92-C0E9-46ED-9F29-9F3937F56E76}
		{3AFE9015-0DEF-4013-AC05-E82A9F363638} = {B911ED92-C0E9-46ED-9F29-9F3937F56E76}
		{1AD4B610-35F0-4EB8-8131-7A1F9DAA4A52} = {B911ED92-C0E9-46ED-9F29-9F3937F56E76}
		{818851AD-F5B2-4EE2-ADC2-D9E09ADBF9CB} = {05145D83-8A1F-4141-886F-D71004DFD0ED}
		{039D8B94-681B-438E-8F97-E4AB6590D506} = {0C64BFBF-EC30-4D67-AFFF-9984EB3A41CE}
		{BFDA6B5C-D980-453F-BA66-22ADBE537CBC} = {C64D9692-60C0-4B71-A67C-75BECD2B14FB}
		{E2732A5F-F804-465B-9758-FAB350829C6A} = {B911ED92-C0E9-46ED-9F29-9F3937F56E76}
		{3522B4D4-5BDB-4144-A24B-8AAC4C887E4B} = {05145D83-8A1F-4141-886F-D71004DFD0ED}
		{7257754B-563C-4DA1-AF7F-32950A6DE1B1} = {0C64BFBF-EC30-4D67-AFFF-9984EB3A41CE}
		{CD1E1975-B071-42C3-880F-63B11274EAD6} = {0C64BFBF-EC30-4D67-AFFF-9984EB3A41CE}
		{E28C82CE-BA91-441A-8C18-155F85BC259D} = {05145D83-8A1F-4141-886F-D71004DFD0ED}
		{A9B7762E-53C9-4018-9516-E0735AC48A61} = {C64D9692-60C0-4B71-A67C-75BECD2B14FB}
	EndGlobalSection
	GlobalSection(ExtensibilityGlobals) = postSolution
		SolutionGuid = {25BE17F1-23E4-4677-B689-E0ADD7C89E92}
	EndGlobalSection
EndGlobal
